PODS:
  - 1PasswordExtension (1.8.5)
  - Alamofire (4.7.3)
  - CocoaLumberjack (3.6.0):
    - CocoaLumberjack/Core (= 3.6.0)
  - CocoaLumberjack/Core (3.6.0)
  - FormatterKit/Resources (1.8.2)
  - FormatterKit/TimeIntervalFormatter (1.8.2):
    - FormatterKit/Resources
  - GoogleSignIn (4.4.0):
    - "GoogleToolboxForMac/NSDictionary+URLArguments (~> 2.1)"
    - "GoogleToolboxForMac/NSString+URLArguments (~> 2.1)"
    - GTMSessionFetcher/Core (~> 1.1)
  - GoogleToolboxForMac/DebugUtils (2.2.1):
    - GoogleToolboxForMac/Defines (= 2.2.1)
  - GoogleToolboxForMac/Defines (2.2.1)
  - "GoogleToolboxForMac/NSDictionary+URLArguments (2.2.1)":
    - GoogleToolboxForMac/DebugUtils (= 2.2.1)
    - GoogleToolboxForMac/Defines (= 2.2.1)
    - "GoogleToolboxForMac/NSString+URLArguments (= 2.2.1)"
  - "GoogleToolboxForMac/NSString+URLArguments (2.2.1)"
  - Gridicons (0.19)
  - GTMSessionFetcher/Core (1.2.2)
  - lottie-ios (2.5.2)
  - NSObject-SafeExpectations (0.0.3)
  - "NSURL+IDN (0.3)"
  - SlackKit (4.5.0):
    - SlackKit/SlackKit (= 4.5.0)
  - SlackKit/SKClient (4.5.0):
    - SlackKit/SKCore
  - SlackKit/SKCore (4.5.0)
  - SlackKit/SKRTMAPI (4.5.0):
    - SlackKit/SKCore
    - SlackKit/SKWebAPI
    - Starscream (= 3.1.0)
  - SlackKit/SKServer (4.5.0):
    - SlackKit/SKCore
    - SlackKit/SKWebAPI
    - Swifter (= 1.4.6)
  - SlackKit/SKWebAPI (4.5.0):
    - SlackKit/SKCore
  - SlackKit/SlackKit (4.5.0):
    - SlackKit/SKClient
    - SlackKit/SKCore
    - SlackKit/SKRTMAPI
    - SlackKit/SKServer
    - SlackKit/SKWebAPI
  - Starscream (3.1.0)
  - SVProgressHUD (2.2.5)
  - Swifter (1.4.6)
  - UIDeviceIdentifier (1.1.4)
  - WordPressAuthenticator (1.10.0):
    - 1PasswordExtension (= 1.8.5)
    - Alamofire (= 4.7.3)
    - CocoaLumberjack (~> 3.5)
    - GoogleSignIn (~> 4.4)
    - Gridicons (~> 0.15)
    - lottie-ios (= 2.5.2)
    - "NSURL+IDN (= 0.3)"
    - SVProgressHUD (= 2.2.5)
    - WordPressKit (~> 4.5.1)
    - WordPressShared (~> 1.8)
    - WordPressUI (~> 1.3)
  - WordPressKit (4.5.1):
    - Alamofire (~> 4.7.3)
    - CocoaLumberjack (~> 3.4)
    - NSObject-SafeExpectations (= 0.0.3)
    - UIDeviceIdentifier (~> 1.1.4)
    - WordPressShared (~> 1.8.0)
    - wpxmlrpc (= 0.8.4)
  - WordPressShared (1.8.7):
    - CocoaLumberjack (~> 3.4)
    - FormatterKit/TimeIntervalFormatter (= 1.8.2)
  - WordPressUI (1.3.5)
  - wpxmlrpc (0.8.4)

DEPENDENCIES:
  - SlackKit
  - WordPressAuthenticator

SPEC REPOS:
  trunk:
    - 1PasswordExtension
    - Alamofire
    - CocoaLumberjack
    - FormatterKit
    - GoogleSignIn
    - GoogleToolboxForMac
    - Gridicons
    - GTMSessionFetcher
    - lottie-ios
    - NSObject-SafeExpectations
    - "NSURL+IDN"
    - SlackKit
    - Starscream
    - SVProgressHUD
    - Swifter
    - UIDeviceIdentifier
    - WordPressAuthenticator
    - WordPressKit
    - WordPressShared
    - WordPressUI
    - wpxmlrpc

SPEC CHECKSUMS:
  1PasswordExtension: 0e95bdea64ec8ff2f4f693be5467a09fac42a83d
  Alamofire: c7287b6e5d7da964a70935e5db17046b7fde6568
  CocoaLumberjack: 78b0c238666f4f58db069738ec176f4519557516
  FormatterKit: 4b8f29acc9b872d5d12a63efb560661e8f2e1b98
  GoogleSignIn: 7ff245e1a7b26d379099d3243a562f5747e23d39
  GoogleToolboxForMac: b3553629623a3b1bff17f555e736cd5a6d95ad55
  Gridicons: dc92efbe5fd60111d2e8ea051d84a60cca552abc
  GTMSessionFetcher: 61bb0f61a4cb560030f1222021178008a5727a23
  lottie-ios: 3fef45d3fabe63e3c7c2eb603dd64ddfffc73062
  NSObject-SafeExpectations: b989b68a8a9b7b9f2b264a8b52ba9d7aab8f3129
  "NSURL+IDN": 82355a0afd532fe1de08f6417c134b49b1a1c4b3
  SlackKit: d84414e87d922c06e3eac4fd42e51fbbea712d6c
  Starscream: 08172b481e145289c4930cb567230fb55897cfa4
  SVProgressHUD: 1428aafac632c1f86f62aa4243ec12008d7a51d6
  Swifter: 2ed278fbf7b16cbe97269eb56d8e8749b1ec4042
  UIDeviceIdentifier: 8f8a24b257a4d978c8d40ad1e7355b944ffbfa8c
  WordPressAuthenticator: c4585d7a5a005df4f9dada8efbeebab32b12844f
  WordPressKit: c35230114bbd380d63250b6d9a43337c29266c9b
  WordPressShared: 09cf184caa614835f5811e8609227165201e6d3e
  WordPressUI: 1b006c7440e85e724b9773c7ebe3a2e783f70941
  wpxmlrpc: 6ba55c773cfa27083ae4a2173e69b19f46da98e2

PODFILE CHECKSUM: e7f96da9edf9f920e8540026902ae401501173e3

COCOAPODS: 1.8.4
