// !$*UTF8*$!
{
	archiveVersion = 1;
	classes = {
	};
	objectVersion = 50;
	objects = {

/* Begin PBXBuildFile section */
		2DE0001EEAAD22285509D047 /* Pods_AllNotifications.framework in Frameworks */ = {isa = PBXBuildFile; fileRef = 3FD3AA13F47EA18089B0BE9A /* Pods_AllNotifications.framework */; };
		BA9A5CC8235CFF4100523B2A /* AppDelegate.swift in Sources */ = {isa = PBXBuildFile; fileRef = BA9A5CC7235CFF4100523B2A /* AppDelegate.swift */; };
		BA9A5CCA235CFF4100523B2A /* SceneDelegate.swift in Sources */ = {isa = PBXBuildFile; fileRef = BA9A5CC9235CFF4100523B2A /* SceneDelegate.swift */; };
		BA9A5CCD235CFF4100523B2A /* AllNotifications.xcdatamodeld in Sources */ = {isa = PBXBuildFile; fileRef = BA9A5CCB235CFF4100523B2A /* AllNotifications.xcdatamodeld */; };
		BA9A5CCF235CFF4100523B2A /* ContentView.swift in Sources */ = {isa = PBXBuildFile; fileRef = BA9A5CCE235CFF4100523B2A /* ContentView.swift */; };
		BA9A5CD1235CFF4500523B2A /* Assets.xcassets in Resources */ = {isa = PBXBuildFile; fileRef = BA9A5CD0235CFF4500523B2A /* Assets.xcassets */; };
		BA9A5CD4235CFF4500523B2A /* Preview Assets.xcassets in Resources */ = {isa = PBXBuildFile; fileRef = BA9A5CD3235CFF4500523B2A /* Preview Assets.xcassets */; };
		BA9A5CD7235CFF4500523B2A /* LaunchScreen.storyboard in Resources */ = {isa = PBXBuildFile; fileRef = BA9A5CD5235CFF4500523B2A /* LaunchScreen.storyboard */; };
/* End PBXBuildFile section */

/* Begin PBXFileReference section */
		3FD3AA13F47EA18089B0BE9A /* Pods_AllNotifications.framework */ = {isa = PBXFileReference; explicitFileType = wrapper.framework; includeInIndex = 0; path = Pods_AllNotifications.framework; sourceTree = BUILT_PRODUCTS_DIR; };
		56E9344CF3236E675D1B1EFF /* Pods-AllNotifications.release.xcconfig */ = {isa = PBXFileReference; includeInIndex = 1; lastKnownFileType = text.xcconfig; name = "Pods-AllNotifications.release.xcconfig"; path = "Target Support Files/Pods-AllNotifications/Pods-AllNotifications.release.xcconfig"; sourceTree = "<group>"; };
		6632B0F33D75A0A71D320C18 /* Pods-AllNotifications.debug.xcconfig */ = {isa = PBXFileReference; includeInIndex = 1; lastKnownFileType = text.xcconfig; name = "Pods-AllNotifications.debug.xcconfig"; path = "Target Support Files/Pods-AllNotifications/Pods-AllNotifications.debug.xcconfig"; sourceTree = "<group>"; };
		BA9A5CC4235CFF4100523B2A /* AllNotifications.app */ = {isa = PBXFileReference; explicitFileType = wrapper.application; includeInIndex = 0; path = AllNotifications.app; sourceTree = BUILT_PRODUCTS_DIR; };
		BA9A5CC7235CFF4100523B2A /* AppDelegate.swift */ = {isa = PBXFileReference; lastKnownFileType = sourcecode.swift; path = AppDelegate.swift; sourceTree = "<group>"; };
		BA9A5CC9235CFF4100523B2A /* SceneDelegate.swift */ = {isa = PBXFileReference; lastKnownFileType = sourcecode.swift; path = SceneDelegate.swift; sourceTree = "<group>"; };
		BA9A5CCC235CFF4100523B2A /* AllNotifications.xcdatamodel */ = {isa = PBXFileReference; lastKnownFileType = wrapper.xcdatamodel; path = AllNotifications.xcdatamodel; sourceTree = "<group>"; };
		BA9A5CCE235CFF4100523B2A /* ContentView.swift */ = {isa = PBXFileReference; lastKnownFileType = sourcecode.swift; path = ContentView.swift; sourceTree = "<group>"; };
		BA9A5CD0235CFF4500523B2A /* Assets.xcassets */ = {isa = PBXFileReference; lastKnownFileType = folder.assetcatalog; path = Assets.xcassets; sourceTree = "<group>"; };
		BA9A5CD3235CFF4500523B2A /* Preview Assets.xcassets */ = {isa = PBXFileReference; lastKnownFileType = folder.assetcatalog; path = "Preview Assets.xcassets"; sourceTree = "<group>"; };
		BA9A5CD6235CFF4500523B2A /* Base */ = {isa = PBXFileReference; lastKnownFileType = file.storyboard; name = Base; path = Base.lproj/LaunchScreen.storyboard; sourceTree = "<group>"; };
		BA9A5CD8235CFF4500523B2A /* Info.plist */ = {isa = PBXFileReference; lastKnownFileType = text.plist.xml; path = Info.plist; sourceTree = "<group>"; };
/* End PBXFileReference section */

/* Begin PBXFrameworksBuildPhase section */
		BA9A5CC1235CFF4100523B2A /* Frameworks */ = {
			isa = PBXFrameworksBuildPhase;
			buildActionMask = 2147483647;
			files = (
				2DE0001EEAAD22285509D047 /* Pods_AllNotifications.framework in Frameworks */,
			);
			runOnlyForDeploymentPostprocessing = 0;
		};
/* End PBXFrameworksBuildPhase section */

/* Begin PBXGroup section */
		716BB332E305C5892E6E07D3 /* Frameworks */ = {
			isa = PBXGroup;
			children = (
				3FD3AA13F47EA18089B0BE9A /* Pods_AllNotifications.framework */,
			);
			name = Frameworks;
			sourceTree = "<group>";
		};
		BA9A5CBB235CFF4100523B2A = {
			isa = PBXGroup;
			children = (
				BA9A5CC6235CFF4100523B2A /* AllNotifications */,
				BA9A5CC5235CFF4100523B2A /* Products */,
				D7BD4D7CDD78D9D9F0AC2436 /* Pods */,
				716BB332E305C5892E6E07D3 /* Frameworks */,
			);
			sourceTree = "<group>";
		};
		BA9A5CC5235CFF4100523B2A /* Products */ = {
			isa = PBXGroup;
			children = (
				BA9A5CC4235CFF4100523B2A /* AllNotifications.app */,
			);
			name = Products;
			sourceTree = "<group>";
		};
		BA9A5CC6235CFF4100523B2A /* AllNotifications */ = {
			isa = PBXGroup;
			children = (
				BA9A5CC7235CFF4100523B2A /* AppDelegate.swift */,
				BA9A5CC9235CFF4100523B2A /* SceneDelegate.swift */,
				BA9A5CCE235CFF4100523B2A /* ContentView.swift */,
				BA9A5CD0235CFF4500523B2A /* Assets.xcassets */,
				BA9A5CD5235CFF4500523B2A /* LaunchScreen.storyboard */,
				BA9A5CD8235CFF4500523B2A /* Info.plist */,
				BA9A5CCB235CFF4100523B2A /* AllNotifications.xcdatamodeld */,
				BA9A5CD2235CFF4500523B2A /* Preview Content */,
			);
			path = AllNotifications;
			sourceTree = "<group>";
		};
		BA9A5CD2235CFF4500523B2A /* Preview Content */ = {
			isa = PBXGroup;
			children = (
				BA9A5CD3235CFF4500523B2A /* Preview Assets.xcassets */,
			);
			path = "Preview Content";
			sourceTree = "<group>";
		};
		D7BD4D7CDD78D9D9F0AC2436 /* Pods */ = {
			isa = PBXGroup;
			children = (
				6632B0F33D75A0A71D320C18 /* Pods-AllNotifications.debug.xcconfig */,
				56E9344CF3236E675D1B1EFF /* Pods-AllNotifications.release.xcconfig */,
			);
			name = Pods;
			path = Pods;
			sourceTree = "<group>";
		};
/* End PBXGroup section */

/* Begin PBXNativeTarget section */
		BA9A5CC3235CFF4100523B2A /* AllNotifications */ = {
			isa = PBXNativeTarget;
			buildConfigurationList = BA9A5CDB235CFF4500523B2A /* Build configuration list for PBXNativeTarget "AllNotifications" */;
			buildPhases = (
				559E5032D7C7DA44AE552AF1 /* [CP] Check Pods Manifest.lock */,
				BA9A5CC0235CFF4100523B2A /* Sources */,
				BA9A5CC1235CFF4100523B2A /* Frameworks */,
				BA9A5CC2235CFF4100523B2A /* Resources */,
				3AC4FA5E7C48F8C086222439 /* [CP] Embed Pods Frameworks */,
				FC0BED070B619A93529D6177 /* [CP] Copy Pods Resources */,
			);
			buildRules = (
			);
			dependencies = (
			);
			name = AllNotifications;
			productName = AllNotifications;
			productReference = BA9A5CC4235CFF4100523B2A /* AllNotifications.app */;
			productType = "com.apple.product-type.application";
		};
/* End PBXNativeTarget section */

/* Begin PBXProject section */
		BA9A5CBC235CFF4100523B2A /* Project object */ = {
			isa = PBXProject;
			attributes = {
				LastSwiftUpdateCheck = 1100;
				LastUpgradeCheck = 1100;
				ORGANIZATIONNAME = Praxsis;
				TargetAttributes = {
					BA9A5CC3235CFF4100523B2A = {
						CreatedOnToolsVersion = 11.0;
					};
				};
			};
			buildConfigurationList = BA9A5CBF235CFF4100523B2A /* Build configuration list for PBXProject "AllNotifications" */;
			compatibilityVersion = "Xcode 9.3";
			developmentRegion = en;
			hasScannedForEncodings = 0;
			knownRegions = (
				en,
				Base,
			);
			mainGroup = BA9A5CBB235CFF4100523B2A;
			productRefGroup = BA9A5CC5235CFF4100523B2A /* Products */;
			projectDirPath = "";
			projectRoot = "";
			targets = (
				BA9A5CC3235CFF4100523B2A /* AllNotifications */,
			);
		};
/* End PBXProject section */

/* Begin PBXResourcesBuildPhase section */
		BA9A5CC2235CFF4100523B2A /* Resources */ = {
			isa = PBXResourcesBuildPhase;
			buildActionMask = 2147483647;
			files = (
				BA9A5CD7235CFF4500523B2A /* LaunchScreen.storyboard in Resources */,
				BA9A5CD4235CFF4500523B2A /* Preview Assets.xcassets in Resources */,
				BA9A5CD1235CFF4500523B2A /* Assets.xcassets in Resources */,
			);
			runOnlyForDeploymentPostprocessing = 0;
		};
/* End PBXResourcesBuildPhase section */

/* Begin PBXShellScriptBuildPhase section */
		3AC4FA5E7C48F8C086222439 /* [CP] Embed Pods Frameworks */ = {
			isa = PBXShellScriptBuildPhase;
			buildActionMask = 2147483647;
			files = (
			);
			inputFileListPaths = (
				"${PODS_ROOT}/Target Support Files/Pods-AllNotifications/Pods-AllNotifications-frameworks-${CONFIGURATION}-input-files.xcfilelist",
			);
			name = "[CP] Embed Pods Frameworks";
			outputFileListPaths = (
				"${PODS_ROOT}/Target Support Files/Pods-AllNotifications/Pods-AllNotifications-frameworks-${CONFIGURATION}-output-files.xcfilelist",
			);
			runOnlyForDeploymentPostprocessing = 0;
			shellPath = /bin/sh;
			shellScript = "\"${PODS_ROOT}/Target Support Files/Pods-AllNotifications/Pods-AllNotifications-frameworks.sh\"\n";
			showEnvVarsInLog = 0;
		};
		559E5032D7C7DA44AE552AF1 /* [CP] Check Pods Manifest.lock */ = {
			isa = PBXShellScriptBuildPhase;
			buildActionMask = 2147483647;
			files = (
			);
			inputFileListPaths = (
			);
			inputPaths = (
				"${PODS_PODFILE_DIR_PATH}/Podfile.lock",
				"${PODS_ROOT}/Manifest.lock",
			);
			name = "[CP] Check Pods Manifest.lock";
			outputFileListPaths = (
			);
			outputPaths = (
				"$(DERIVED_FILE_DIR)/Pods-AllNotifications-checkManifestLockResult.txt",
			);
			runOnlyForDeploymentPostprocessing = 0;
			shellPath = /bin/sh;
			shellScript = "diff \"${PODS_PODFILE_DIR_PATH}/Podfile.lock\" \"${PODS_ROOT}/Manifest.lock\" > /dev/null\nif [ $? != 0 ] ; then\n    # print error to STDERR\n    echo \"error: The sandbox is not in sync with the Podfile.lock. Run 'pod install' or update your CocoaPods installation.\" >&2\n    exit 1\nfi\n# This output is used by Xcode 'outputs' to avoid re-running this script phase.\necho \"SUCCESS\" > \"${SCRIPT_OUTPUT_FILE_0}\"\n";
			showEnvVarsInLog = 0;
		};
		FC0BED070B619A93529D6177 /* [CP] Copy Pods Resources */ = {
			isa = PBXShellScriptBuildPhase;
			buildActionMask = 2147483647;
			files = (
			);
			inputFileListPaths = (
				"${PODS_ROOT}/Target Support Files/Pods-AllNotifications/Pods-AllNotifications-resources-${CONFIGURATION}-input-files.xcfilelist",
			);
			name = "[CP] Copy Pods Resources";
			outputFileListPaths = (
				"${PODS_ROOT}/Target Support Files/Pods-AllNotifications/Pods-AllNotifications-resources-${CONFIGURATION}-output-files.xcfilelist",
			);
			runOnlyForDeploymentPostprocessing = 0;
			shellPath = /bin/sh;
			shellScript = "\"${PODS_ROOT}/Target Support Files/Pods-AllNotifications/Pods-AllNotifications-resources.sh\"\n";
			showEnvVarsInLog = 0;
		};
/* End PBXShellScriptBuildPhase section */

/* Begin PBXSourcesBuildPhase section */
		BA9A5CC0235CFF4100523B2A /* Sources */ = {
			isa = PBXSourcesBuildPhase;
			buildActionMask = 2147483647;
			files = (
				BA9A5CC8235CFF4100523B2A /* AppDelegate.swift in Sources */,
				BA9A5CCA235CFF4100523B2A /* SceneDelegate.swift in Sources */,
				BA9A5CCF235CFF4100523B2A /* ContentView.swift in Sources */,
				BA9A5CCD235CFF4100523B2A /* AllNotifications.xcdatamodeld in Sources */,
			);
			runOnlyForDeploymentPostprocessing = 0;
		};
/* End PBXSourcesBuildPhase section */

/* Begin PBXVariantGroup section */
		BA9A5CD5235CFF4500523B2A /* LaunchScreen.storyboard */ = {
			isa = PBXVariantGroup;
			children = (
				BA9A5CD6235CFF4500523B2A /* Base */,
			);
			name = LaunchScreen.storyboard;
			sourceTree = "<group>";
		};
/* End PBXVariantGroup section */

/* Begin XCBuildConfiguration section */
		BA9A5CD9235CFF4500523B2A /* Debug */ = {
			isa = XCBuildConfiguration;
			buildSettings = {
				ALWAYS_SEARCH_USER_PATHS = NO;
				CLANG_ANALYZER_NONNULL = YES;
				CLANG_ANALYZER_NUMBER_OBJECT_CONVERSION = YES_AGGRESSIVE;
				CLANG_CXX_LANGUAGE_STANDARD = "gnu++14";
				CLANG_CXX_LIBRARY = "libc++";
				CLANG_ENABLE_MODULES = YES;
				CLANG_ENABLE_OBJC_ARC = YES;
				CLANG_ENABLE_OBJC_WEAK = YES;
				CLANG_WARN_BLOCK_CAPTURE_AUTORELEASING = YES;
				CLANG_WARN_BOOL_CONVERSION = YES;
				CLANG_WARN_COMMA = YES;
				CLANG_WARN_CONSTANT_CONVERSION = YES;
				CLANG_WARN_DEPRECATED_OBJC_IMPLEMENTATIONS = YES;
				CLANG_WARN_DIRECT_OBJC_ISA_USAGE = YES_ERROR;
				CLANG_WARN_DOCUMENTATION_COMMENTS = YES;
				CLANG_WARN_EMPTY_BODY = YES;
				CLANG_WARN_ENUM_CONVERSION = YES;
				CLANG_WARN_INFINITE_RECURSION = YES;
				CLANG_WARN_INT_CONVERSION = YES;
				CLANG_WARN_NON_LITERAL_NULL_CONVERSION = YES;
				CLANG_WARN_OBJC_IMPLICIT_RETAIN_SELF = YES;
				CLANG_WARN_OBJC_LITERAL_CONVERSION = YES;
				CLANG_WARN_OBJC_ROOT_CLASS = YES_ERROR;
				CLANG_WARN_RANGE_LOOP_ANALYSIS = YES;
				CLANG_WARN_STRICT_PROTOTYPES = YES;
				CLANG_WARN_SUSPICIOUS_MOVE = YES;
				CLANG_WARN_UNGUARDED_AVAILABILITY = YES_AGGRESSIVE;
				CLANG_WARN_UNREACHABLE_CODE = YES;
				CLANG_WARN__DUPLICATE_METHOD_MATCH = YES;
				COPY_PHASE_STRIP = NO;
				DEBUG_INFORMATION_FORMAT = dwarf;
				ENABLE_STRICT_OBJC_MSGSEND = YES;
				ENABLE_TESTABILITY = YES;
				GCC_C_LANGUAGE_STANDARD = gnu11;
				GCC_DYNAMIC_NO_PIC = NO;
				GCC_NO_COMMON_BLOCKS = YES;
				GCC_OPTIMIZATION_LEVEL = 0;
				GCC_PREPROCESSOR_DEFINITIONS = (
					"DEBUG=1",
					"$(inherited)",
				);
				GCC_WARN_64_TO_32_BIT_CONVERSION = YES;
				GCC_WARN_ABOUT_RETURN_TYPE = YES_ERROR;
				GCC_WARN_UNDECLARED_SELECTOR = YES;
				GCC_WARN_UNINITIALIZED_AUTOS = YES_AGGRESSIVE;
				GCC_WARN_UNUSED_FUNCTION = YES;
				GCC_WARN_UNUSED_VARIABLE = YES;
				IPHONEOS_DEPLOYMENT_TARGET = 13.0;
				MTL_ENABLE_DEBUG_INFO = INCLUDE_SOURCE;
				MTL_FAST_MATH = YES;
				ONLY_ACTIVE_ARCH = YES;
				SDKROOT = iphoneos;
				SWIFT_ACTIVE_COMPILATION_CONDITIONS = DEBUG;
				SWIFT_OPTIMIZATION_LEVEL = "-Onone";
			};
			name = Debug;
		};
		BA9A5CDA235CFF4500523B2A /* Release */ = {
			isa = XCBuildConfiguration;
			buildSettings = {
				ALWAYS_SEARCH_USER_PATHS = NO;
				CLANG_ANALYZER_NONNULL = YES;
				CLANG_ANALYZER_NUMBER_OBJECT_CONVERSION = YES_AGGRESSIVE;
				CLANG_CXX_LANGUAGE_STANDARD = "gnu++14";
				CLANG_CXX_LIBRARY = "libc++";
				CLANG_ENABLE_MODULES = YES;
				CLANG_ENABLE_OBJC_ARC = YES;
				CLANG_ENABLE_OBJC_WEAK = YES;
				CLANG_WARN_BLOCK_CAPTURE_AUTORELEASING = YES;
				CLANG_WARN_BOOL_CONVERSION = YES;
				CLANG_WARN_COMMA = YES;
				CLANG_WARN_CONSTANT_CONVERSION = YES;
				CLANG_WARN_DEPRECATED_OBJC_IMPLEMENTATIONS = YES;
				CLANG_WARN_DIRECT_OBJC_ISA_USAGE = YES_ERROR;
				CLANG_WARN_DOCUMENTATION_COMMENTS = YES;
				CLANG_WARN_EMPTY_BODY = YES;
				CLANG_WARN_ENUM_CONVERSION = YES;
				CLANG_WARN_INFINITE_RECURSION = YES;
				CLANG_WARN_INT_CONVERSION = YES;
				CLANG_WARN_NON_LITERAL_NULL_CONVERSION = YES;
				CLANG_WARN_OBJC_IMPLICIT_RETAIN_SELF = YES;
				CLANG_WARN_OBJC_LITERAL_CONVERSION = YES;
				CLANG_WARN_OBJC_ROOT_CLASS = YES_ERROR;
				CLANG_WARN_RANGE_LOOP_ANALYSIS = YES;
				CLANG_WARN_STRICT_PROTOTYPES = YES;
				CLANG_WARN_SUSPICIOUS_MOVE = YES;
				CLANG_WARN_UNGUARDED_AVAILABILITY = YES_AGGRESSIVE;
				CLANG_WARN_UNREACHABLE_CODE = YES;
				CLANG_WARN__DUPLICATE_METHOD_MATCH = YES;
				COPY_PHASE_STRIP = NO;
				DEBUG_INFORMATION_FORMAT = "dwarf-with-dsym";
				ENABLE_NS_ASSERTIONS = NO;
				ENABLE_STRICT_OBJC_MSGSEND = YES;
				GCC_C_LANGUAGE_STANDARD = gnu11;
				GCC_NO_COMMON_BLOCKS = YES;
				GCC_WARN_64_TO_32_BIT_CONVERSION = YES;
				GCC_WARN_ABOUT_RETURN_TYPE = YES_ERROR;
				GCC_WARN_UNDECLARED_SELECTOR = YES;
				GCC_WARN_UNINITIALIZED_AUTOS = YES_AGGRESSIVE;
				GCC_WARN_UNUSED_FUNCTION = YES;
				GCC_WARN_UNUSED_VARIABLE = YES;
				IPHONEOS_DEPLOYMENT_TARGET = 13.0;
				MTL_ENABLE_DEBUG_INFO = NO;
				MTL_FAST_MATH = YES;
				SDKROOT = iphoneos;
				SWIFT_COMPILATION_MODE = wholemodule;
				SWIFT_OPTIMIZATION_LEVEL = "-O";
				VALIDATE_PRODUCT = YES;
			};
			name = Release;
		};
		BA9A5CDC235CFF4500523B2A /* Debug */ = {
			isa = XCBuildConfiguration;
			baseConfigurationReference = 6632B0F33D75A0A71D320C18 /* Pods-AllNotifications.debug.xcconfig */;
			buildSettings = {
				ASSETCATALOG_COMPILER_APPICON_NAME = AppIcon;
				CODE_SIGN_STYLE = Automatic;
				DEVELOPMENT_ASSET_PATHS = "\"AllNotifications/Preview Content\"";
				DEVELOPMENT_TEAM = 96BN6Y34VN;
				ENABLE_PREVIEWS = YES;
				INFOPLIST_FILE = AllNotifications/Info.plist;
				LD_RUNPATH_SEARCH_PATHS = (
					"$(inherited)",
					"@executable_path/Frameworks",
				);
				PRODUCT_BUNDLE_IDENTIFIER = Praxsis.AllNotifications;
				PRODUCT_NAME = "$(TARGET_NAME)";
				SWIFT_VERSION = 5.0;
				TARGETED_DEVICE_FAMILY = "1,2";
			};
			name = Debug;
		};
		BA9A5CDD235CFF4500523B2A /* Release */ = {
			isa = XCBuildConfiguration;
			baseConfigurationReference = 56E9344CF3236E675D1B1EFF /* Pods-AllNotifications.release.xcconfig */;
			buildSettings = {
				ASSETCATALOG_COMPILER_APPICON_NAME = AppIcon;
				CODE_SIGN_STYLE = Automatic;
				DEVELOPMENT_ASSET_PATHS = "\"AllNotifications/Preview Content\"";
				DEVELOPMENT_TEAM = 96BN6Y34VN;
				ENABLE_PREVIEWS = YES;
				INFOPLIST_FILE = AllNotifications/Info.plist;
				LD_RUNPATH_SEARCH_PATHS = (
					"$(inherited)",
					"@executable_path/Frameworks",
				);
				PRODUCT_BUNDLE_IDENTIFIER = Praxsis.AllNotifications;
				PRODUCT_NAME = "$(TARGET_NAME)";
				SWIFT_VERSION = 5.0;
				TARGETED_DEVICE_FAMILY = "1,2";
			};
			name = Release;
		};
/* End XCBuildConfiguration section */

/* Begin XCConfigurationList section */
		BA9A5CBF235CFF4100523B2A /* Build configuration list for PBXProject "AllNotifications" */ = {
			isa = XCConfigurationList;
			buildConfigurations = (
				BA9A5CD9235CFF4500523B2A /* Debug */,
				BA9A5CDA235CFF4500523B2A /* Release */,
			);
			defaultConfigurationIsVisible = 0;
			defaultConfigurationName = Release;
		};
		BA9A5CDB235CFF4500523B2A /* Build configuration list for PBXNativeTarget "AllNotifications" */ = {
			isa = XCConfigurationList;
			buildConfigurations = (
				BA9A5CDC235CFF4500523B2A /* Debug */,
				BA9A5CDD235CFF4500523B2A /* Release */,
			);
			defaultConfigurationIsVisible = 0;
			defaultConfigurationName = Release;
		};
/* End XCConfigurationList section */

/* Begin XCVersionGroup section */
		BA9A5CCB235CFF4100523B2A /* AllNotifications.xcdatamodeld */ = {
			isa = XCVersionGroup;
			children = (
				BA9A5CCC235CFF4100523B2A /* AllNotifications.xcdatamodel */,
			);
			currentVersion = BA9A5CCC235CFF4100523B2A /* AllNotifications.xcdatamodel */;
			path = AllNotifications.xcdatamodeld;
			sourceTree = "<group>";
			versionGroupType = wrapper.xcdatamodel;
		};
/* End XCVersionGroup section */
	};
	rootObject = BA9A5CBC235CFF4100523B2A /* Project object */;
}
